// !$*UTF8*$!
{
	archiveVersion = 1;
	classes = {
	};
	objectVersion = 50;
	objects = {

/* Begin PBXBuildFile section */
		BFCCCE0225E8300C004E0AB8 /* AppDelegate.swift in Sources */ = {isa = PBXBuildFile; fileRef = BFCCCE0125E8300C004E0AB8 /* AppDelegate.swift */; };
		BFCCCE0425E8300C004E0AB8 /* SceneDelegate.swift in Sources */ = {isa = PBXBuildFile; fileRef = BFCCCE0325E8300C004E0AB8 /* SceneDelegate.swift */; };
		BFCCCE0625E8300C004E0AB8 /* ContentView.swift in Sources */ = {isa = PBXBuildFile; fileRef = BFCCCE0525E8300C004E0AB8 /* ContentView.swift */; };
		BFCCCE0825E8300E004E0AB8 /* Assets.xcassets in Resources */ = {isa = PBXBuildFile; fileRef = BFCCCE0725E8300E004E0AB8 /* Assets.xcassets */; };
		BFCCCE0B25E8300E004E0AB8 /* Preview Assets.xcassets in Resources */ = {isa = PBXBuildFile; fileRef = BFCCCE0A25E8300E004E0AB8 /* Preview Assets.xcassets */; };
		BFCCCE0E25E8300E004E0AB8 /* LaunchScreen.storyboard in Resources */ = {isa = PBXBuildFile; fileRef = BFCCCE0C25E8300E004E0AB8 /* LaunchScreen.storyboard */; };
/* End PBXBuildFile section */

/* Begin PBXFileReference section */
		BFCCCDFE25E8300C004E0AB8 /* Scroll2.app */ = {isa = PBXFileReference; explicitFileType = wrapper.application; includeInIndex = 0; path = Scroll2.app; sourceTree = BUILT_PRODUCTS_DIR; };
		BFCCCE0125E8300C004E0AB8 /* AppDelegate.swift */ = {isa = PBXFileReference; lastKnownFileType = sourcecode.swift; path = AppDelegate.swift; sourceTree = "<group>"; };
		BFCCCE0325E8300C004E0AB8 /* SceneDelegate.swift */ = {isa = PBXFileReference; lastKnownFileType = sourcecode.swift; path = SceneDelegate.swift; sourceTree = "<group>"; };
		BFCCCE0525E8300C004E0AB8 /* ContentView.swift */ = {isa = PBXFileReference; lastKnownFileType = sourcecode.swift; path = ContentView.swift; sourceTree = "<group>"; };
		BFCCCE0725E8300E004E0AB8 /* Assets.xcassets */ = {isa = PBXFileReference; lastKnownFileType = folder.assetcatalog; path = Assets.xcassets; sourceTree = "<group>"; };
		BFCCCE0A25E8300E004E0AB8 /* Preview Assets.xcassets */ = {isa = PBXFileReference; lastKnownFileType = folder.assetcatalog; path = "Preview Assets.xcassets"; sourceTree = "<group>"; };
		BFCCCE0D25E8300E004E0AB8 /* Base */ = {isa = PBXFileReference; lastKnownFileType = file.storyboard; name = Base; path = Base.lproj/LaunchScreen.storyboard; sourceTree = "<group>"; };
		BFCCCE0F25E8300E004E0AB8 /* Info.plist */ = {isa = PBXFileReference; lastKnownFileType = text.plist.xml; path = Info.plist; sourceTree = "<group>"; };
/* End PBXFileReference section */

/* Begin PBXFrameworksBuildPhase section */
		BFCCCDFB25E8300C004E0AB8 /* Frameworks */ = {
			isa = PBXFrameworksBuildPhase;
			buildActionMask = 2147483647;
			files = (
			);
			runOnlyForDeploymentPostprocessing = 0;
		};
/* End PBXFrameworksBuildPhase section */

/* Begin PBXGroup section */
		BFCCCDF525E8300C004E0AB8 = {
			isa = PBXGroup;
			children = (
				BFCCCE0025E8300C004E0AB8 /* Scroll2 */,
				BFCCCDFF25E8300C004E0AB8 /* Products */,
			);
			sourceTree = "<group>";
		};
		BFCCCDFF25E8300C004E0AB8 /* Products */ = {
			isa = PBXGroup;
			children = (
				BFCCCDFE25E8300C004E0AB8 /* Scroll2.app */,
			);
			name = Products;
			sourceTree = "<group>";
		};
		BFCCCE0025E8300C004E0AB8 /* Scroll2 */ = {
			isa = PBXGroup;
			children = (
				BFCCCE0125E8300C004E0AB8 /* AppDelegate.swift */,
				BFCCCE0325E8300C004E0AB8 /* SceneDelegate.swift */,
				BFCCCE0525E8300C004E0AB8 /* ContentView.swift */,
				BFCCCE0725E8300E004E0AB8 /* Assets.xcassets */,
				BFCCCE0C25E8300E004E0AB8 /* LaunchScreen.storyboard */,
				BFCCCE0F25E8300E004E0AB8 /* Info.plist */,
				BFCCCE0925E8300E004E0AB8 /* Preview Content */,
			);
			path = Scroll2;
			sourceTree = "<group>";
		};
		BFCCCE0925E8300E004E0AB8 /* Preview Content */ = {
			isa = PBXGroup;
			children = (
				BFCCCE0A25E8300E004E0AB8 /* Preview Assets.xcassets */,
			);
			path = "Preview Content";
			sourceTree = "<group>";
		};
/* End PBXGroup section */

/* Begin PBXNativeTarget section */
		BFCCCDFD25E8300C004E0AB8 /* Scroll2 */ = {
			isa = PBXNativeTarget;
			buildConfigurationList = BFCCCE1225E8300E004E0AB8 /* Build configuration list for PBXNativeTarget "Scroll2" */;
			buildPhases = (
				BFCCCDFA25E8300C004E0AB8 /* Sources */,
				BFCCCDFB25E8300C004E0AB8 /* Frameworks */,
				BFCCCDFC25E8300C004E0AB8 /* Resources */,
			);
			buildRules = (
			);
			dependencies = (
			);
			name = Scroll2;
			productName = Scroll2;
			productReference = BFCCCDFE25E8300C004E0AB8 /* Scroll2.app */;
			productType = "com.apple.product-type.application";
		};
/* End PBXNativeTarget section */

/* Begin PBXProject section */
		BFCCCDF625E8300C004E0AB8 /* Project object */ = {
			isa = PBXProject;
			attributes = {
				LastSwiftUpdateCheck = 1240;
				LastUpgradeCheck = 1240;
				TargetAttributes = {
					BFCCCDFD25E8300C004E0AB8 = {
						CreatedOnToolsVersion = 12.4;
					};
				};
			};
			buildConfigurationList = BFCCCDF925E8300C004E0AB8 /* Build configuration list for PBXProject "Scroll2" */;
			compatibilityVersion = "Xcode 9.3";
			developmentRegion = en;
			hasScannedForEncodings = 0;
			knownRegions = (
				en,
				Base,
			);
			mainGroup = BFCCCDF525E8300C004E0AB8;
			productRefGroup = BFCCCDFF25E8300C004E0AB8 /* Products */;
			projectDirPath = "";
			projectRoot = "";
			targets = (
				BFCCCDFD25E8300C004E0AB8 /* Scroll2 */,
			);
		};
/* End PBXProject section */

/* Begin PBXResourcesBuildPhase section */
		BFCCCDFC25E8300C004E0AB8 /* Resources */ = {
			isa = PBXResourcesBuildPhase;
			buildActionMask = 2147483647;
			files = (
				BFCCCE0E25E8300E004E0AB8 /* LaunchScreen.storyboard in Resources */,
				BFCCCE0B25E8300E004E0AB8 /* Preview Assets.xcassets in Resources */,
				BFCCCE0825E8300E004E0AB8 /* Assets.xcassets in Resources */,
			);
			runOnlyForDeploymentPostprocessing = 0;
		};
/* End PBXResourcesBuildPhase section */

/* Begin PBXSourcesBuildPhase section */
		BFCCCDFA25E8300C004E0AB8 /* Sources */ = {
			isa = PBXSourcesBuildPhase;
			buildActionMask = 2147483647;
			files = (
				BFCCCE0225E8300C004E0AB8 /* AppDelegate.swift in Sources */,
				BFCCCE0425E8300C004E0AB8 /* SceneDelegate.swift in Sources */,
				BFCCCE0625E8300C004E0AB8 /* ContentView.swift in Sources */,
			);
			runOnlyForDeploymentPostprocessing = 0;
		};
/* End PBXSourcesBuildPhase section */

/* Begin PBXVariantGroup section */
		BFCCCE0C25E8300E004E0AB8 /* LaunchScreen.storyboard */ = {
			isa = PBXVariantGroup;
			children = (
				BFCCCE0D25E8300E004E0AB8 /* Base */,
			);
			name = LaunchScreen.storyboard;
			sourceTree = "<group>";
		};
/* End PBXVariantGroup section */

/* Begin XCBuildConfiguration section */
		BFCCCE1025E8300E004E0AB8 /* Debug */ = {
			isa = XCBuildConfiguration;
			buildSettings = {
				ALWAYS_SEARCH_USER_PATHS = NO;
				CLANG_ANALYZER_NONNULL = YES;
				CLANG_ANALYZER_NUMBER_OBJECT_CONVERSION = YES_AGGRESSIVE;
				CLANG_CXX_LANGUAGE_STANDARD = "gnu++14";
				CLANG_CXX_LIBRARY = "libc++";
				CLANG_ENABLE_MODULES = YES;
				CLANG_ENABLE_OBJC_ARC = YES;
				CLANG_ENABLE_OBJC_WEAK = YES;
				CLANG_WARN_BLOCK_CAPTURE_AUTORELEASING = YES;
				CLANG_WARN_BOOL_CONVERSION = YES;
				CLANG_WARN_COMMA = YES;
				CLANG_WARN_CONSTANT_CONVERSION = YES;
				CLANG_WARN_DEPRECATED_OBJC_IMPLEMENTATIONS = YES;
				CLANG_WARN_DIRECT_OBJC_ISA_USAGE = YES_ERROR;
				CLANG_WARN_DOCUMENTATION_COMMENTS = YES;
				CLANG_WARN_EMPTY_BODY = YES;
				CLANG_WARN_ENUM_CONVERSION = YES;
				CLANG_WARN_INFINITE_RECURSION = YES;
				CLANG_WARN_INT_CONVERSION = YES;
				CLANG_WARN_NON_LITERAL_NULL_CONVERSION = YES;
				CLANG_WARN_OBJC_IMPLICIT_RETAIN_SELF = YES;
				CLANG_WARN_OBJC_LITERAL_CONVERSION = YES;
				CLANG_WARN_OBJC_ROOT_CLASS = YES_ERROR;
				CLANG_WARN_QUOTED_INCLUDE_IN_FRAMEWORK_HEADER = YES;
				CLANG_WARN_RANGE_LOOP_ANALYSIS = YES;
				CLANG_WARN_STRICT_PROTOTYPES = YES;
				CLANG_WARN_SUSPICIOUS_MOVE = YES;
				CLANG_WARN_UNGUARDED_AVAILABILITY = YES_AGGRESSIVE;
				CLANG_WARN_UNREACHABLE_CODE = YES;
				CLANG_WARN__DUPLICATE_METHOD_MATCH = YES;
				COPY_PHASE_STRIP = NO;
				DEBUG_INFORMATION_FORMAT = dwarf;
				ENABLE_STRICT_OBJC_MSGSEND = YES;
				ENABLE_TESTABILITY = YES;
				GCC_C_LANGUAGE_STANDARD = gnu11;
				GCC_DYNAMIC_NO_PIC = NO;
				GCC_NO_COMMON_BLOCKS = YES;
				GCC_OPTIMIZATION_LEVEL = 0;
				GCC_PREPROCESSOR_DEFINITIONS = (
					"DEBUG=1",
					"$(inherited)",
				);
				GCC_WARN_64_TO_32_BIT_CONVERSION = YES;
				GCC_WARN_ABOUT_RETURN_TYPE = YES_ERROR;
				GCC_WARN_UNDECLARED_SELECTOR = YES;
				GCC_WARN_UNINITIALIZED_AUTOS = YES_AGGRESSIVE;
				GCC_WARN_UNUSED_FUNCTION = YES;
				GCC_WARN_UNUSED_VARIABLE = YES;
				IPHONEOS_DEPLOYMENT_TARGET = 14.4;
				MTL_ENABLE_DEBUG_INFO = INCLUDE_SOURCE;
				MTL_FAST_MATH = YES;
				ONLY_ACTIVE_ARCH = YES;
				SDKROOT = iphoneos;
				SWIFT_ACTIVE_COMPILATION_CONDITIONS = DEBUG;
				SWIFT_OPTIMIZATION_LEVEL = "-Onone";
			};
			name = Debug;
		};
		BFCCCE1125E8300E004E0AB8 /* Release */ = {
			isa = XCBuildConfiguration;
			buildSettings = {
				ALWAYS_SEARCH_USER_PATHS = NO;
				CLANG_ANALYZER_NONNULL = YES;
				CLANG_ANALYZER_NUMBER_OBJECT_CONVERSION = YES_AGGRESSIVE;
				CLANG_CXX_LANGUAGE_STANDARD = "gnu++14";
				CLANG_CXX_LIBRARY = "libc++";
				CLANG_ENABLE_MODULES = YES;
				CLANG_ENABLE_OBJC_ARC = YES;
				CLANG_ENABLE_OBJC_WEAK = YES;
				CLANG_WARN_BLOCK_CAPTURE_AUTORELEASING = YES;
				CLANG_WARN_BOOL_CONVERSION = YES;
				CLANG_WARN_COMMA = YES;
				CLANG_WARN_CONSTANT_CONVERSION = YES;
				CLANG_WARN_DEPRECATED_OBJC_IMPLEMENTATIONS = YES;
				CLANG_WARN_DIRECT_OBJC_ISA_USAGE = YES_ERROR;
				CLANG_WARN_DOCUMENTATION_COMMENTS = YES;
				CLANG_WARN_EMPTY_BODY = YES;
				CLANG_WARN_ENUM_CONVERSION = YES;
				CLANG_WARN_INFINITE_RECURSION = YES;
				CLANG_WARN_INT_CONVERSION = YES;
				CLANG_WARN_NON_LITERAL_NULL_CONVERSION = YES;
				CLANG_WARN_OBJC_IMPLICIT_RETAIN_SELF = YES;
				CLANG_WARN_OBJC_LITERAL_CONVERSION = YES;
				CLANG_WARN_OBJC_ROOT_CLASS = YES_ERROR;
				CLANG_WARN_QUOTED_INCLUDE_IN_FRAMEWORK_HEADER = YES;
				CLANG_WARN_RANGE_LOOP_ANALYSIS = YES;
				CLANG_WARN_STRICT_PROTOTYPES = YES;
				CLANG_WARN_SUSPICIOUS_MOVE = YES;
				CLANG_WARN_UNGUARDED_AVAILABILITY = YES_AGGRESSIVE;
				CLANG_WARN_UNREACHABLE_CODE = YES;
				CLANG_WARN__DUPLICATE_METHOD_MATCH = YES;
				COPY_PHASE_STRIP = NO;
				DEBUG_INFORMATION_FORMAT = "dwarf-with-dsym";
				ENABLE_NS_ASSERTIONS = NO;
				ENABLE_STRICT_OBJC_MSGSEND = YES;
				GCC_C_LANGUAGE_STANDARD = gnu11;
				GCC_NO_COMMON_BLOCKS = YES;
				GCC_WARN_64_TO_32_BIT_CONVERSION = YES;
				GCC_WARN_ABOUT_RETURN_TYPE = YES_ERROR;
				GCC_WARN_UNDECLARED_SELECTOR = YES;
				GCC_WARN_UNINITIALIZED_AUTOS = YES_AGGRESSIVE;
				GCC_WARN_UNUSED_FUNCTION = YES;
				GCC_WARN_UNUSED_VARIABLE = YES;
				IPHONEOS_DEPLOYMENT_TARGET = 14.4;
				MTL_ENABLE_DEBUG_INFO = NO;
				MTL_FAST_MATH = YES;
				SDKROOT = iphoneos;
				SWIFT_COMPILATION_MODE = wholemodule;
				SWIFT_OPTIMIZATION_LEVEL = "-O";
				VALIDATE_PRODUCT = YES;
			};
			name = Release;
		};
		BFCCCE1325E8300E004E0AB8 /* Debug */ = {
			isa = XCBuildConfiguration;
			buildSettings = {
				ASSETCATALOG_COMPILER_APPICON_NAME = AppIcon;
				ASSETCATALOG_COMPILER_GLOBAL_ACCENT_COLOR_NAME = AccentColor;
				CODE_SIGN_STYLE = Automatic;
				DEVELOPMENT_ASSET_PATHS = "\"Scroll2/Preview Content\"";
				ENABLE_PREVIEWS = YES;
				INFOPLIST_FILE = Scroll2/Info.plist;
				LD_RUNPATH_SEARCH_PATHS = (
					"$(inherited)",
					"@executable_path/Frameworks",
				);
				PRODUCT_BUNDLE_IDENTIFIER = com.glotech.Scroll2;
				PRODUCT_NAME = "$(TARGET_NAME)";
				SWIFT_VERSION = 5.0;
				TARGETED_DEVICE_FAMILY = "1,2";
			};
			name = Debug;
		};
		BFCCCE1425E8300E004E0AB8 /* Release */ = {
			isa = XCBuildConfiguration;
			buildSettings = {
				ASSETCATALOG_COMPILER_APPICON_NAME = AppIcon;
				ASSETCATALOG_COMPILER_GLOBAL_ACCENT_COLOR_NAME = AccentColor;
				CODE_SIGN_STYLE = Automatic;
				DEVELOPMENT_ASSET_PATHS = "\"Scroll2/Preview Content\"";
				ENABLE_PREVIEWS = YES;
				INFOPLIST_FILE = Scroll2/Info.plist;
				LD_RUNPATH_SEARCH_PATHS = (
					"$(inherited)",
					"@executable_path/Frameworks",
				);
				PRODUCT_BUNDLE_IDENTIFIER = com.glotech.Scroll2;
				PRODUCT_NAME = "$(TARGET_NAME)";
				SWIFT_VERSION = 5.0;
				TARGETED_DEVICE_FAMILY = "1,2";
			};
			name = Release;
		};
/* End XCBuildConfiguration section */

/* Begin XCConfigurationList section */
		BFCCCDF925E8300C004E0AB8 /* Build configuration list for PBXProject "Scroll2" */ = {
			isa = XCConfigurationList;
			buildConfigurations = (
				BFCCCE1025E8300E004E0AB8 /* Debug */,
				BFCCCE1125E8300E004E0AB8 /* Release */,
			);
			defaultConfigurationIsVisible = 0;
			defaultConfigurationName = Release;
		};
		BFCCCE1225E8300E004E0AB8 /* Build configuration list for PBXNativeTarget "Scroll2" */ = {
			isa = XCConfigurationList;
			buildConfigurations = (
				BFCCCE1325E8300E004E0AB8 /* Debug */,
				BFCCCE1425E8300E004E0AB8 /* Release */,
			);
			defaultConfigurationIsVisible = 0;
			defaultConfigurationName = Release;
		};
/* End XCConfigurationList section */
	};
	rootObject = BFCCCDF625E8300C004E0AB8 /* Project object */;
}
